// !$*UTF8*$!
{
	archiveVersion = 1;
	classes = {
	};
	objectVersion = 56;
	objects = {

/* Begin PBXBuildFile section */
		B72893552A1908EA003634D7 /* F_I_R_E_App.swift in Sources */ = {isa = PBXBuildFile; fileRef = B72893542A1908EA003634D7 /* F_I_R_E_App.swift */; };
		B72893572A1908EA003634D7 /* ContentView.swift in Sources */ = {isa = PBXBuildFile; fileRef = B72893562A1908EA003634D7 /* ContentView.swift */; };
		B72893592A1908EB003634D7 /* Assets.xcassets in Resources */ = {isa = PBXBuildFile; fileRef = B72893582A1908EB003634D7 /* Assets.xcassets */; };
		B728935C2A1908EB003634D7 /* Preview Assets.xcassets in Resources */ = {isa = PBXBuildFile; fileRef = B728935B2A1908EB003634D7 /* Preview Assets.xcassets */; };
		B72893632A190A76003634D7 /* Bar_Screen.swift in Sources */ = {isa = PBXBuildFile; fileRef = B72893622A190A76003634D7 /* Bar_Screen.swift */; };
		B72893652A190A89003634D7 /* Calculator_Screen.swift in Sources */ = {isa = PBXBuildFile; fileRef = B72893642A190A89003634D7 /* Calculator_Screen.swift */; };
		B72893692A190AF1003634D7 /* Start_Screen.swift in Sources */ = {isa = PBXBuildFile; fileRef = B72893682A190AF1003634D7 /* Start_Screen.swift */; };
		B728936C2A1915D5003634D7 /* Home_Screen.swift in Sources */ = {isa = PBXBuildFile; fileRef = B728936B2A1915D5003634D7 /* Home_Screen.swift */; };
		B728936E2A1920C1003634D7 /* Advice_Screen.swift in Sources */ = {isa = PBXBuildFile; fileRef = B728936D2A1920C1003634D7 /* Advice_Screen.swift */; };
		B72893702A192363003634D7 /* Strings.swift in Sources */ = {isa = PBXBuildFile; fileRef = B728936F2A192363003634D7 /* Strings.swift */; };
		B72893742A1923F4003634D7 /* Localizable.strings in Resources */ = {isa = PBXBuildFile; fileRef = B72893762A1923F4003634D7 /* Localizable.strings */; };
		B72BFE162A1CEBDA000CDE1D /* Famous_Screen.swift in Sources */ = {isa = PBXBuildFile; fileRef = B72BFE152A1CEBDA000CDE1D /* Famous_Screen.swift */; };
		B73989022A1A731400D887CC /* Procent_Screen.swift in Sources */ = {isa = PBXBuildFile; fileRef = B73989012A1A731400D887CC /* Procent_Screen.swift */; };
		B73989042A1A9C4D00D887CC /* SafeMoney_Screen.swift in Sources */ = {isa = PBXBuildFile; fileRef = B73989032A1A9C4D00D887CC /* SafeMoney_Screen.swift */; };
		B749C0A12A3E6CE9001C447A /* settings_Screen.swift in Sources */ = {isa = PBXBuildFile; fileRef = B749C0A02A3E6CE9001C447A /* settings_Screen.swift */; };
		B74F39E92A2A401700284ADF /* bar_progress.swift in Sources */ = {isa = PBXBuildFile; fileRef = B74F39E82A2A401700284ADF /* bar_progress.swift */; };
		B76A7E922A22BA37000ADC09 /* Tax_Screen.swift in Sources */ = {isa = PBXBuildFile; fileRef = B76A7E912A22BA37000ADC09 /* Tax_Screen.swift */; };
		B793C61D2A3CE224003C4585 /* Medalki_Screen.swift in Sources */ = {isa = PBXBuildFile; fileRef = B793C61C2A3CE224003C4585 /* Medalki_Screen.swift */; };
		B7AB587C2A19417C00ABF88D /* AboutFIRE_Screen.swift in Sources */ = {isa = PBXBuildFile; fileRef = B7AB587B2A19417C00ABF88D /* AboutFIRE_Screen.swift */; };
		B7B62DD62A30D22D00D9A786 /* Test_View.swift in Sources */ = {isa = PBXBuildFile; fileRef = B7B62DD52A30D22D00D9A786 /* Test_View.swift */; };
		B7C862042A1A5BF80031BEE8 /* Calculator.swift in Sources */ = {isa = PBXBuildFile; fileRef = B7C862032A1A5BF80031BEE8 /* Calculator.swift */; };
		B7DECD952A22800400C0D5CA /* Test_Screen.swift in Sources */ = {isa = PBXBuildFile; fileRef = B7DECD942A22800400C0D5CA /* Test_Screen.swift */; };
		B7FD86A22A3CB1E700959BAA /* Termis_Screen.swift in Sources */ = {isa = PBXBuildFile; fileRef = B7FD86A12A3CB1E700959BAA /* Termis_Screen.swift */; };
		D297796C2A30C3440067F57D /* InvestAgree_Screen.swift in Sources */ = {isa = PBXBuildFile; fileRef = D297796B2A30C3440067F57D /* InvestAgree_Screen.swift */; };
/* End PBXBuildFile section */

/* Begin PBXFileReference section */
		B72893512A1908EA003634D7 /* F.I.R.E..app */ = {isa = PBXFileReference; explicitFileType = wrapper.application; includeInIndex = 0; path = F.I.R.E..app; sourceTree = BUILT_PRODUCTS_DIR; };
		B72893542A1908EA003634D7 /* F_I_R_E_App.swift */ = {isa = PBXFileReference; lastKnownFileType = sourcecode.swift; path = F_I_R_E_App.swift; sourceTree = "<group>"; };
		B72893562A1908EA003634D7 /* ContentView.swift */ = {isa = PBXFileReference; lastKnownFileType = sourcecode.swift; path = ContentView.swift; sourceTree = "<group>"; };
		B72893582A1908EB003634D7 /* Assets.xcassets */ = {isa = PBXFileReference; lastKnownFileType = folder.assetcatalog; path = Assets.xcassets; sourceTree = "<group>"; };
		B728935B2A1908EB003634D7 /* Preview Assets.xcassets */ = {isa = PBXFileReference; lastKnownFileType = folder.assetcatalog; path = "Preview Assets.xcassets"; sourceTree = "<group>"; };
		B72893622A190A76003634D7 /* Bar_Screen.swift */ = {isa = PBXFileReference; lastKnownFileType = sourcecode.swift; path = Bar_Screen.swift; sourceTree = "<group>"; };
		B72893642A190A89003634D7 /* Calculator_Screen.swift */ = {isa = PBXFileReference; lastKnownFileType = sourcecode.swift; path = Calculator_Screen.swift; sourceTree = "<group>"; };
		B72893682A190AF1003634D7 /* Start_Screen.swift */ = {isa = PBXFileReference; lastKnownFileType = sourcecode.swift; path = Start_Screen.swift; sourceTree = "<group>"; };
		B728936B2A1915D5003634D7 /* Home_Screen.swift */ = {isa = PBXFileReference; lastKnownFileType = sourcecode.swift; path = Home_Screen.swift; sourceTree = "<group>"; };
		B728936D2A1920C1003634D7 /* Advice_Screen.swift */ = {isa = PBXFileReference; lastKnownFileType = sourcecode.swift; path = Advice_Screen.swift; sourceTree = "<group>"; };
		B728936F2A192363003634D7 /* Strings.swift */ = {isa = PBXFileReference; lastKnownFileType = sourcecode.swift; path = Strings.swift; sourceTree = "<group>"; };
		B72893752A1923F4003634D7 /* en */ = {isa = PBXFileReference; lastKnownFileType = text.plist.strings; name = en; path = en.lproj/Localizable.strings; sourceTree = "<group>"; };
		B72893772A1923F6003634D7 /* pl */ = {isa = PBXFileReference; lastKnownFileType = text.plist.strings; name = pl; path = pl.lproj/Localizable.strings; sourceTree = "<group>"; };
		B72893782A1923FA003634D7 /* ru */ = {isa = PBXFileReference; lastKnownFileType = text.plist.strings; name = ru; path = ru.lproj/Localizable.strings; sourceTree = "<group>"; };
		B72BFE152A1CEBDA000CDE1D /* Famous_Screen.swift */ = {isa = PBXFileReference; lastKnownFileType = sourcecode.swift; path = Famous_Screen.swift; sourceTree = "<group>"; };
		B73989012A1A731400D887CC /* Procent_Screen.swift */ = {isa = PBXFileReference; lastKnownFileType = sourcecode.swift; path = Procent_Screen.swift; sourceTree = "<group>"; };
		B73989032A1A9C4D00D887CC /* SafeMoney_Screen.swift */ = {isa = PBXFileReference; lastKnownFileType = sourcecode.swift; path = SafeMoney_Screen.swift; sourceTree = "<group>"; };
		B749C0A02A3E6CE9001C447A /* settings_Screen.swift */ = {isa = PBXFileReference; lastKnownFileType = sourcecode.swift; path = settings_Screen.swift; sourceTree = "<group>"; };
		B74F39E82A2A401700284ADF /* bar_progress.swift */ = {isa = PBXFileReference; lastKnownFileType = sourcecode.swift; path = bar_progress.swift; sourceTree = "<group>"; };
		B76A7E912A22BA37000ADC09 /* Tax_Screen.swift */ = {isa = PBXFileReference; lastKnownFileType = sourcecode.swift; path = Tax_Screen.swift; sourceTree = "<group>"; };
		B793C61C2A3CE224003C4585 /* Medalki_Screen.swift */ = {isa = PBXFileReference; lastKnownFileType = sourcecode.swift; path = Medalki_Screen.swift; sourceTree = "<group>"; };
		B7AB587B2A19417C00ABF88D /* AboutFIRE_Screen.swift */ = {isa = PBXFileReference; lastKnownFileType = sourcecode.swift; path = AboutFIRE_Screen.swift; sourceTree = "<group>"; };
		B7B62DD52A30D22D00D9A786 /* Test_View.swift */ = {isa = PBXFileReference; lastKnownFileType = sourcecode.swift; path = Test_View.swift; sourceTree = "<group>"; };
		B7C862032A1A5BF80031BEE8 /* Calculator.swift */ = {isa = PBXFileReference; lastKnownFileType = sourcecode.swift; path = Calculator.swift; sourceTree = "<group>"; };
		B7DECD942A22800400C0D5CA /* Test_Screen.swift */ = {isa = PBXFileReference; lastKnownFileType = sourcecode.swift; path = Test_Screen.swift; sourceTree = "<group>"; };
		B7FD86A12A3CB1E700959BAA /* Termis_Screen.swift */ = {isa = PBXFileReference; lastKnownFileType = sourcecode.swift; path = Termis_Screen.swift; sourceTree = "<group>"; };
		D26B5C022A33E60E00CFD4C5 /* uk */ = {isa = PBXFileReference; lastKnownFileType = text.plist.strings; name = uk; path = uk.lproj/Localizable.strings; sourceTree = "<group>"; };
		D297796B2A30C3440067F57D /* InvestAgree_Screen.swift */ = {isa = PBXFileReference; lastKnownFileType = sourcecode.swift; path = InvestAgree_Screen.swift; sourceTree = "<group>"; };
/* End PBXFileReference section */

/* Begin PBXFrameworksBuildPhase section */
		B728934E2A1908EA003634D7 /* Frameworks */ = {
			isa = PBXFrameworksBuildPhase;
			buildActionMask = 2147483647;
			files = (
			);
			runOnlyForDeploymentPostprocessing = 0;
		};
/* End PBXFrameworksBuildPhase section */

/* Begin PBXGroup section */
		B72893482A1908EA003634D7 = {
			isa = PBXGroup;
			children = (
				B72893532A1908EA003634D7 /* F.I.R.E. */,
				B72893522A1908EA003634D7 /* Products */,
			);
			sourceTree = "<group>";
		};
		B72893522A1908EA003634D7 /* Products */ = {
			isa = PBXGroup;
			children = (
				B72893512A1908EA003634D7 /* F.I.R.E..app */,
			);
			name = Products;
			sourceTree = "<group>";
		};
		B72893532A1908EA003634D7 /* F.I.R.E. */ = {
			isa = PBXGroup;
			children = (
				B72893542A1908EA003634D7 /* F_I_R_E_App.swift */,
				B72893562A1908EA003634D7 /* ContentView.swift */,
				B728936A2A190AFD003634D7 /* Screen */,
				B72893582A1908EB003634D7 /* Assets.xcassets */,
				B728935A2A1908EB003634D7 /* Preview Content */,
			);
			path = F.I.R.E.;
			sourceTree = "<group>";
		};
		B728935A2A1908EB003634D7 /* Preview Content */ = {
			isa = PBXGroup;
			children = (
				B728935B2A1908EB003634D7 /* Preview Assets.xcassets */,
			);
			path = "Preview Content";
			sourceTree = "<group>";
		};
		B728936A2A190AFD003634D7 /* Screen */ = {
			isa = PBXGroup;
			children = (
				B7C862052A1A62490031BEE8 /* Calculatro_Views */,
				B749C09F2A3E6765001C447A /* settings */,
				B72893622A190A76003634D7 /* Bar_Screen.swift */,
				B7FD86A12A3CB1E700959BAA /* Termis_Screen.swift */,
				B72893682A190AF1003634D7 /* Start_Screen.swift */,
				B793C61C2A3CE224003C4585 /* Medalki_Screen.swift */,
				D297796B2A30C3440067F57D /* InvestAgree_Screen.swift */,
				B728936B2A1915D5003634D7 /* Home_Screen.swift */,
				B728937A2A192D1C003634D7 /* Screen_Home */,
				B728936F2A192363003634D7 /* Strings.swift */,
				B7C862032A1A5BF80031BEE8 /* Calculator.swift */,
				B72893712A1923D6003634D7 /* Localize */,
			);
			path = Screen;
			sourceTree = "<group>";
		};
		B72893712A1923D6003634D7 /* Localize */ = {
			isa = PBXGroup;
			children = (
				B72893762A1923F4003634D7 /* Localizable.strings */,
			);
			path = Localize;
			sourceTree = "<group>";
		};
		B728937A2A192D1C003634D7 /* Screen_Home */ = {
			isa = PBXGroup;
			children = (
				B728936D2A1920C1003634D7 /* Advice_Screen.swift */,
				B7AB587B2A19417C00ABF88D /* AboutFIRE_Screen.swift */,
				B72BFE152A1CEBDA000CDE1D /* Famous_Screen.swift */,
				B7DECD942A22800400C0D5CA /* Test_Screen.swift */,
				B74F39EA2A2A401C00284ADF /* modi */,
				B76A7E912A22BA37000ADC09 /* Tax_Screen.swift */,
			);
			path = Screen_Home;
			sourceTree = "<group>";
		};
		B749C09F2A3E6765001C447A /* settings */ = {
			isa = PBXGroup;
			children = (
				B749C0A02A3E6CE9001C447A /* settings_Screen.swift */,
			);
			path = settings;
			sourceTree = "<group>";
		};
		B74F39EA2A2A401C00284ADF /* modi */ = {
			isa = PBXGroup;
			children = (
				B74F39E82A2A401700284ADF /* bar_progress.swift */,
				B7B62DD52A30D22D00D9A786 /* Test_View.swift */,
			);
			path = modi;
			sourceTree = "<group>";
		};
		B7C862052A1A62490031BEE8 /* Calculatro_Views */ = {
			isa = PBXGroup;
			children = (
				B72893642A190A89003634D7 /* Calculator_Screen.swift */,
				B73989012A1A731400D887CC /* Procent_Screen.swift */,
				B73989032A1A9C4D00D887CC /* SafeMoney_Screen.swift */,
			);
			path = Calculatro_Views;
			sourceTree = "<group>";
		};
/* End PBXGroup section */

/* Begin PBXNativeTarget section */
		B72893502A1908EA003634D7 /* F.I.R.E. */ = {
			isa = PBXNativeTarget;
			buildConfigurationList = B728935F2A1908EB003634D7 /* Build configuration list for PBXNativeTarget "F.I.R.E." */;
			buildPhases = (
				B728934D2A1908EA003634D7 /* Sources */,
				B728934E2A1908EA003634D7 /* Frameworks */,
				B728934F2A1908EA003634D7 /* Resources */,
			);
			buildRules = (
			);
			dependencies = (
			);
			name = F.I.R.E.;
			productName = F.I.R.E.;
			productReference = B72893512A1908EA003634D7 /* F.I.R.E..app */;
			productType = "com.apple.product-type.application";
		};
/* End PBXNativeTarget section */

/* Begin PBXProject section */
		B72893492A1908EA003634D7 /* Project object */ = {
			isa = PBXProject;
			attributes = {
				BuildIndependentTargetsInParallel = 1;
				LastSwiftUpdateCheck = 1430;
				LastUpgradeCheck = 1430;
				TargetAttributes = {
					B72893502A1908EA003634D7 = {
						CreatedOnToolsVersion = 14.3;
					};
				};
			};
			buildConfigurationList = B728934C2A1908EA003634D7 /* Build configuration list for PBXProject "F.I.R.E." */;
			compatibilityVersion = "Xcode 14.0";
			developmentRegion = en;
			hasScannedForEncodings = 0;
			knownRegions = (
				en,
				Base,
				ru,
				pl,
				uk,
			);
			mainGroup = B72893482A1908EA003634D7;
			productRefGroup = B72893522A1908EA003634D7 /* Products */;
			projectDirPath = "";
			projectRoot = "";
			targets = (
				B72893502A1908EA003634D7 /* F.I.R.E. */,
			);
		};
/* End PBXProject section */

/* Begin PBXResourcesBuildPhase section */
		B728934F2A1908EA003634D7 /* Resources */ = {
			isa = PBXResourcesBuildPhase;
			buildActionMask = 2147483647;
			files = (
				B728935C2A1908EB003634D7 /* Preview Assets.xcassets in Resources */,
				B72893742A1923F4003634D7 /* Localizable.strings in Resources */,
				B72893592A1908EB003634D7 /* Assets.xcassets in Resources */,
			);
			runOnlyForDeploymentPostprocessing = 0;
		};
/* End PBXResourcesBuildPhase section */

/* Begin PBXSourcesBuildPhase section */
		B728934D2A1908EA003634D7 /* Sources */ = {
			isa = PBXSourcesBuildPhase;
			buildActionMask = 2147483647;
			files = (
				B72BFE162A1CEBDA000CDE1D /* Famous_Screen.swift in Sources */,
				B72893632A190A76003634D7 /* Bar_Screen.swift in Sources */,
				B7FD86A22A3CB1E700959BAA /* Termis_Screen.swift in Sources */,
				B728936E2A1920C1003634D7 /* Advice_Screen.swift in Sources */,
				B72893572A1908EA003634D7 /* ContentView.swift in Sources */,
				B72893702A192363003634D7 /* Strings.swift in Sources */,
				B749C0A12A3E6CE9001C447A /* settings_Screen.swift in Sources */,
				B728936C2A1915D5003634D7 /* Home_Screen.swift in Sources */,
				B793C61D2A3CE224003C4585 /* Medalki_Screen.swift in Sources */,
				B74F39E92A2A401700284ADF /* bar_progress.swift in Sources */,
				B72893692A190AF1003634D7 /* Start_Screen.swift in Sources */,
				B72893552A1908EA003634D7 /* F_I_R_E_App.swift in Sources */,
				B7B62DD62A30D22D00D9A786 /* Test_View.swift in Sources */,
				B72893652A190A89003634D7 /* Calculator_Screen.swift in Sources */,
				B7C862042A1A5BF80031BEE8 /* Calculator.swift in Sources */,
				B7DECD952A22800400C0D5CA /* Test_Screen.swift in Sources */,
				B73989042A1A9C4D00D887CC /* SafeMoney_Screen.swift in Sources */,
				B73989022A1A731400D887CC /* Procent_Screen.swift in Sources */,
				B76A7E922A22BA37000ADC09 /* Tax_Screen.swift in Sources */,
				B7AB587C2A19417C00ABF88D /* AboutFIRE_Screen.swift in Sources */,
				D297796C2A30C3440067F57D /* InvestAgree_Screen.swift in Sources */,
			);
			runOnlyForDeploymentPostprocessing = 0;
		};
/* End PBXSourcesBuildPhase section */

/* Begin PBXVariantGroup section */
		B72893762A1923F4003634D7 /* Localizable.strings */ = {
			isa = PBXVariantGroup;
			children = (
				B72893752A1923F4003634D7 /* en */,
				B72893772A1923F6003634D7 /* pl */,
				B72893782A1923FA003634D7 /* ru */,
				D26B5C022A33E60E00CFD4C5 /* uk */,
			);
			name = Localizable.strings;
			sourceTree = "<group>";
		};
/* End PBXVariantGroup section */

/* Begin XCBuildConfiguration section */
		B728935D2A1908EB003634D7 /* Debug */ = {
			isa = XCBuildConfiguration;
			buildSettings = {
				ALWAYS_SEARCH_USER_PATHS = NO;
				CLANG_ANALYZER_NONNULL = YES;
				CLANG_ANALYZER_NUMBER_OBJECT_CONVERSION = YES_AGGRESSIVE;
				CLANG_CXX_LANGUAGE_STANDARD = "gnu++20";
				CLANG_ENABLE_MODULES = YES;
				CLANG_ENABLE_OBJC_ARC = YES;
				CLANG_ENABLE_OBJC_WEAK = YES;
				CLANG_WARN_BLOCK_CAPTURE_AUTORELEASING = YES;
				CLANG_WARN_BOOL_CONVERSION = YES;
				CLANG_WARN_COMMA = YES;
				CLANG_WARN_CONSTANT_CONVERSION = YES;
				CLANG_WARN_DEPRECATED_OBJC_IMPLEMENTATIONS = YES;
				CLANG_WARN_DIRECT_OBJC_ISA_USAGE = YES_ERROR;
				CLANG_WARN_DOCUMENTATION_COMMENTS = YES;
				CLANG_WARN_EMPTY_BODY = YES;
				CLANG_WARN_ENUM_CONVERSION = YES;
				CLANG_WARN_INFINITE_RECURSION = YES;
				CLANG_WARN_INT_CONVERSION = YES;
				CLANG_WARN_NON_LITERAL_NULL_CONVERSION = YES;
				CLANG_WARN_OBJC_IMPLICIT_RETAIN_SELF = YES;
				CLANG_WARN_OBJC_LITERAL_CONVERSION = YES;
				CLANG_WARN_OBJC_ROOT_CLASS = YES_ERROR;
				CLANG_WARN_QUOTED_INCLUDE_IN_FRAMEWORK_HEADER = YES;
				CLANG_WARN_RANGE_LOOP_ANALYSIS = YES;
				CLANG_WARN_STRICT_PROTOTYPES = YES;
				CLANG_WARN_SUSPICIOUS_MOVE = YES;
				CLANG_WARN_UNGUARDED_AVAILABILITY = YES_AGGRESSIVE;
				CLANG_WARN_UNREACHABLE_CODE = YES;
				CLANG_WARN__DUPLICATE_METHOD_MATCH = YES;
				COPY_PHASE_STRIP = NO;
				DEBUG_INFORMATION_FORMAT = dwarf;
				ENABLE_STRICT_OBJC_MSGSEND = YES;
				ENABLE_TESTABILITY = YES;
				GCC_C_LANGUAGE_STANDARD = gnu11;
				GCC_DYNAMIC_NO_PIC = NO;
				GCC_NO_COMMON_BLOCKS = YES;
				GCC_OPTIMIZATION_LEVEL = 0;
				GCC_PREPROCESSOR_DEFINITIONS = (
					"DEBUG=1",
					"$(inherited)",
				);
				GCC_WARN_64_TO_32_BIT_CONVERSION = YES;
				GCC_WARN_ABOUT_RETURN_TYPE = YES_ERROR;
				GCC_WARN_UNDECLARED_SELECTOR = YES;
				GCC_WARN_UNINITIALIZED_AUTOS = YES_AGGRESSIVE;
				GCC_WARN_UNUSED_FUNCTION = YES;
				GCC_WARN_UNUSED_VARIABLE = YES;
				IPHONEOS_DEPLOYMENT_TARGET = 16.4;
				MTL_ENABLE_DEBUG_INFO = INCLUDE_SOURCE;
				MTL_FAST_MATH = YES;
				ONLY_ACTIVE_ARCH = YES;
				SDKROOT = iphoneos;
				SWIFT_ACTIVE_COMPILATION_CONDITIONS = DEBUG;
				SWIFT_OPTIMIZATION_LEVEL = "-Onone";
			};
			name = Debug;
		};
		B728935E2A1908EB003634D7 /* Release */ = {
			isa = XCBuildConfiguration;
			buildSettings = {
				ALWAYS_SEARCH_USER_PATHS = NO;
				CLANG_ANALYZER_NONNULL = YES;
				CLANG_ANALYZER_NUMBER_OBJECT_CONVERSION = YES_AGGRESSIVE;
				CLANG_CXX_LANGUAGE_STANDARD = "gnu++20";
				CLANG_ENABLE_MODULES = YES;
				CLANG_ENABLE_OBJC_ARC = YES;
				CLANG_ENABLE_OBJC_WEAK = YES;
				CLANG_WARN_BLOCK_CAPTURE_AUTORELEASING = YES;
				CLANG_WARN_BOOL_CONVERSION = YES;
				CLANG_WARN_COMMA = YES;
				CLANG_WARN_CONSTANT_CONVERSION = YES;
				CLANG_WARN_DEPRECATED_OBJC_IMPLEMENTATIONS = YES;
				CLANG_WARN_DIRECT_OBJC_ISA_USAGE = YES_ERROR;
				CLANG_WARN_DOCUMENTATION_COMMENTS = YES;
				CLANG_WARN_EMPTY_BODY = YES;
				CLANG_WARN_ENUM_CONVERSION = YES;
				CLANG_WARN_INFINITE_RECURSION = YES;
				CLANG_WARN_INT_CONVERSION = YES;
				CLANG_WARN_NON_LITERAL_NULL_CONVERSION = YES;
				CLANG_WARN_OBJC_IMPLICIT_RETAIN_SELF = YES;
				CLANG_WARN_OBJC_LITERAL_CONVERSION = YES;
				CLANG_WARN_OBJC_ROOT_CLASS = YES_ERROR;
				CLANG_WARN_QUOTED_INCLUDE_IN_FRAMEWORK_HEADER = YES;
				CLANG_WARN_RANGE_LOOP_ANALYSIS = YES;
				CLANG_WARN_STRICT_PROTOTYPES = YES;
				CLANG_WARN_SUSPICIOUS_MOVE = YES;
				CLANG_WARN_UNGUARDED_AVAILABILITY = YES_AGGRESSIVE;
				CLANG_WARN_UNREACHABLE_CODE = YES;
				CLANG_WARN__DUPLICATE_METHOD_MATCH = YES;
				COPY_PHASE_STRIP = NO;
				DEBUG_INFORMATION_FORMAT = "dwarf-with-dsym";
				ENABLE_NS_ASSERTIONS = NO;
				ENABLE_STRICT_OBJC_MSGSEND = YES;
				GCC_C_LANGUAGE_STANDARD = gnu11;
				GCC_NO_COMMON_BLOCKS = YES;
				GCC_WARN_64_TO_32_BIT_CONVERSION = YES;
				GCC_WARN_ABOUT_RETURN_TYPE = YES_ERROR;
				GCC_WARN_UNDECLARED_SELECTOR = YES;
				GCC_WARN_UNINITIALIZED_AUTOS = YES_AGGRESSIVE;
				GCC_WARN_UNUSED_FUNCTION = YES;
				GCC_WARN_UNUSED_VARIABLE = YES;
				IPHONEOS_DEPLOYMENT_TARGET = 16.4;
				MTL_ENABLE_DEBUG_INFO = NO;
				MTL_FAST_MATH = YES;
				SDKROOT = iphoneos;
				SWIFT_COMPILATION_MODE = wholemodule;
				SWIFT_OPTIMIZATION_LEVEL = "-O";
				VALIDATE_PRODUCT = YES;
			};
			name = Release;
		};
		B72893602A1908EB003634D7 /* Debug */ = {
			isa = XCBuildConfiguration;
			buildSettings = {
				ASSETCATALOG_COMPILER_APPICON_NAME = AppIcon;
				ASSETCATALOG_COMPILER_GLOBAL_ACCENT_COLOR_NAME = AccentColor;
				CODE_SIGN_IDENTITY = "Apple Development";
				CODE_SIGN_STYLE = Automatic;
				CURRENT_PROJECT_VERSION = 1;
				DEVELOPMENT_ASSET_PATHS = "\"F.I.R.E./Preview Content\"";
				DEVELOPMENT_TEAM = CM2X6RAXCV;
				ENABLE_PREVIEWS = YES;
				GENERATE_INFOPLIST_FILE = YES;
				INFOPLIST_KEY_LSApplicationCategoryType = "public.app-category.finance";
				INFOPLIST_KEY_UIApplicationSceneManifest_Generation = YES;
				INFOPLIST_KEY_UIApplicationSupportsIndirectInputEvents = YES;
				INFOPLIST_KEY_UILaunchScreen_Generation = YES;
				INFOPLIST_KEY_UISupportedInterfaceOrientations = UIInterfaceOrientationPortrait;
				IPHONEOS_DEPLOYMENT_TARGET = 16.0;
				LD_RUNPATH_SEARCH_PATHS = (
					"$(inherited)",
					"@executable_path/Frameworks",
				);
				MARKETING_VERSION = 1.0;
				PRODUCT_BUNDLE_IDENTIFIER = nikmal39rus;
				PRODUCT_NAME = "$(TARGET_NAME)";
				PROVISIONING_PROFILE_SPECIFIER = "";
				SWIFT_EMIT_LOC_STRINGS = YES;
				SWIFT_VERSION = 5.0;
				TARGETED_DEVICE_FAMILY = "1,2";
			};
			name = Debug;
		};
		B72893612A1908EB003634D7 /* Release */ = {
			isa = XCBuildConfiguration;
			buildSettings = {
				ASSETCATALOG_COMPILER_APPICON_NAME = AppIcon;
				ASSETCATALOG_COMPILER_GLOBAL_ACCENT_COLOR_NAME = AccentColor;
				CODE_SIGN_IDENTITY = "Apple Development";
				CODE_SIGN_STYLE = Automatic;
				CURRENT_PROJECT_VERSION = 1;
				DEVELOPMENT_ASSET_PATHS = "\"F.I.R.E./Preview Content\"";
				DEVELOPMENT_TEAM = CM2X6RAXCV;
				ENABLE_PREVIEWS = YES;
				GENERATE_INFOPLIST_FILE = YES;
				INFOPLIST_KEY_LSApplicationCategoryType = "public.app-category.finance";
				INFOPLIST_KEY_UIApplicationSceneManifest_Generation = YES;
				INFOPLIST_KEY_UIApplicationSupportsIndirectInputEvents = YES;
				INFOPLIST_KEY_UILaunchScreen_Generation = YES;
				INFOPLIST_KEY_UISupportedInterfaceOrientations = UIInterfaceOrientationPortrait;
				IPHONEOS_DEPLOYMENT_TARGET = 16.0;
				LD_RUNPATH_SEARCH_PATHS = (
					"$(inherited)",
					"@executable_path/Frameworks",
				);
				MARKETING_VERSION = 1.0;
				PRODUCT_BUNDLE_IDENTIFIER = nikmal39rus;
				PRODUCT_NAME = "$(TARGET_NAME)";
				PROVISIONING_PROFILE_SPECIFIER = "";
				SWIFT_EMIT_LOC_STRINGS = YES;
				SWIFT_VERSION = 5.0;
				TARGETED_DEVICE_FAMILY = "1,2";
			};
			name = Release;
		};
/* End XCBuildConfiguration section */

/* Begin XCConfigurationList section */
		B728934C2A1908EA003634D7 /* Build configuration list for PBXProject "F.I.R.E." */ = {
			isa = XCConfigurationList;
			buildConfigurations = (
				B728935D2A1908EB003634D7 /* Debug */,
				B728935E2A1908EB003634D7 /* Release */,
			);
			defaultConfigurationIsVisible = 0;
			defaultConfigurationName = Release;
		};
		B728935F2A1908EB003634D7 /* Build configuration list for PBXNativeTarget "F.I.R.E." */ = {
			isa = XCConfigurationList;
			buildConfigurations = (
				B72893602A1908EB003634D7 /* Debug */,
				B72893612A1908EB003634D7 /* Release */,
			);
			defaultConfigurationIsVisible = 0;
			defaultConfigurationName = Release;
		};
/* End XCConfigurationList section */
	};
	rootObject = B72893492A1908EA003634D7 /* Project object */;
}
